{
  "name": "sample-app",
  "requires": true,
  "lockfileVersion": 1,
  "dependencies": {
    "@bit/bit-framework": {
      "version": "2.2.0",
      "resolved": "https://www.myget.org/F/bit-foundation/npm/@bit/bit-framework/-/@bit/bit-framework-2.2.0.tgz",
      "integrity": "sha1-D0umL/A3h859U+GwRjpaUXm5s8U="
    },
    "@bit/jaydata": {
      "version": "1.5.19",
      "resolved": "https://www.myget.org/F/bit-foundation/npm/@bit/jaydata/-/@bit/jaydata-1.5.19.tgz",
      "integrity": "sha1-7ncN9IZH0xxQgiowfXN+x1j+myA="
    }
  }
}
