{
  "name": "sample-app",
  "requires": true,
  "lockfileVersion": 1,
  "dependencies": {
    "@bit/bit-framework": {
      "version": "1.9.3",
      "resolved": "https://www.myget.org/F/bit-foundation/npm/@bit/bit-framework/-/@bit/bit-framework-1.9.3.tgz",
      "integrity": "sha1-hfT57fZTcA2kjrFV9Z73g5ee8Rc="
    },
    "@bit/jaydata": {
      "version": "1.5.17",
      "resolved": "https://www.myget.org/F/bit-foundation/npm/@bit/jaydata/-/@bit/jaydata-1.5.17.tgz",
      "integrity": "sha1-EObsMmABhXyitwabesIg0jRdEds="
    }
  }
}
