{
  "name": "sample-app",
  "requires": true,
  "lockfileVersion": 1,
  "dependencies": {
    "@bit/bit-framework": {
      "version": "1.8.0",
      "resolved": "https://www.myget.org/F/bit-foundation/npm/@bit/bit-framework/-/@bit/bit-framework-1.8.0.tgz",
      "integrity": "sha1-bh/o6pg47jWdnPYa7zm25HaqNw8="
    },
    "@bit/jaydata": {
      "version": "1.5.17",
      "resolved": "https://www.myget.org/F/bit-foundation/npm/@bit/jaydata/-/@bit/jaydata-1.5.17.tgz",
      "integrity": "sha1-EObsMmABhXyitwabesIg0jRdEds="
    }
  }
}
