# THIS IS AN AUTOGENERATED FILE. DO NOT EDIT THIS FILE DIRECTLY.
# yarn lockfile v1


"@bit/bit-framework@^1.0.6":
  version "1.0.6"
  resolved "https://www.myget.org/F/bit-foundation/npm/@bit/bit-framework/-/@bit/bit-framework-1.0.6.tgz#778c7776130c03419d8de9c901db4c8f925bc3ef"

"@bit/jaydata@^1.5.15":
  version "1.5.15"
  resolved "https://www.myget.org/F/bit-foundation/npm/@bit/jaydata/-/@bit/jaydata-1.5.15.tgz#d85dc56f713b6267a366018c0df27b2f0938bede"
