# THIS IS AN AUTOGENERATED FILE. DO NOT EDIT THIS FILE DIRECTLY.
# yarn lockfile v1


"@bit/bit-framework@^0.9.7":
  version "0.9.9"
  resolved "https://www.myget.org/F/bit-foundation/npm/@bit/bit-framework/-/@bit/bit-framework-0.9.9.tgz#4bc27dd9d296435a55c620150bf042ced3d0bc83"

"@bit/jaydata@^1.5.15":
  version "1.5.15"
  resolved "https://www.myget.org/F/bit-foundation/npm/@bit/jaydata/-/@bit/jaydata-1.5.15.tgz#d85dc56f713b6267a366018c0df27b2f0938bede"
