# THIS IS AN AUTOGENERATED FILE. DO NOT EDIT THIS FILE DIRECTLY.
# yarn lockfile v1


"@bit/bit-framework@^1.0.4":
  version "1.0.5"
  resolved "https://www.myget.org/F/bit-foundation/npm/@bit/bit-framework/-/@bit/bit-framework-1.0.5.tgz#fa38e2657c2956ddc4647cf09e75b11d04f7fd4b"

"@bit/jaydata@^1.5.15":
  version "1.5.15"
  resolved "https://www.myget.org/F/bit-foundation/npm/@bit/jaydata/-/@bit/jaydata-1.5.15.tgz#d85dc56f713b6267a366018c0df27b2f0938bede"
